version: 6
environments:
  default:
    channels:
    - url: https://conda.anaconda.org/conda-forge/
    - url: https://conda.anaconda.org/bioconda/
    options:
      pypi-prerelease-mode: if-necessary-or-explicit
    packages:
      linux-64:
      - conda: https://conda.anaconda.org/conda-forge/linux-64/_openmp_mutex-4.5-20_gnu.conda
      - conda: https://conda.anaconda.org/conda-forge/linux-64/alsa-lib-1.1.5-h516909a_1002.tar.bz2
      - conda: https://conda.anaconda.org/bioconda/linux-64/bcftools-1.17-h3cc50cf_1.tar.bz2
      - conda: https://conda.anaconda.org/bioconda/linux-64/bedtools-2.31.1-hf5e1c6e_2.tar.bz2
      - conda: https://conda.anaconda.org/conda-forge/linux-64/boost-cpp-1.74.0-h75c5d50_8.tar.bz2
      - conda: https://conda.anaconda.org/bioconda/linux-64/bx-python-0.8.9-py27h54ae540_2.tar.bz2
      - conda: https://conda.anaconda.org/conda-forge/linux-64/bzip2-1.0.8-hda65f42_9.conda
      - conda: https://conda.anaconda.org/conda-forge/linux-64/c-ares-1.34.6-hb03c661_0.conda
      - conda: https://conda.anaconda.org/conda-forge/noarch/ca-certificates-2026.2.25-hbd8a1cb_0.conda
      - conda: https://conda.anaconda.org/conda-forge/linux-64/certifi-2019.11.28-py27h8c360ce_1.tar.bz2
      - conda: https://conda.anaconda.org/conda-forge/linux-64/expat-2.7.4-hecca717_0.conda
      - conda: https://conda.anaconda.org/conda-forge/noarch/font-ttf-dejavu-sans-mono-2.37-hab24e00_0.tar.bz2
      - conda: https://conda.anaconda.org/conda-forge/linux-64/fontconfig-2.14.2-h14ed4e7_0.conda
      - conda: https://conda.anaconda.org/conda-forge/linux-64/freetype-2.12.1-h267a509_2.conda
      - conda: https://conda.anaconda.org/conda-forge/linux-64/giflib-5.2.2-hd590300_0.conda
      - conda: https://conda.anaconda.org/conda-forge/linux-64/gsl-2.7-he838d99_0.tar.bz2
      - conda: https://conda.anaconda.org/bioconda/linux-64/hap.py-0.3.15-py27hcb73b3d_0.tar.bz2
      - conda: https://conda.anaconda.org/bioconda/linux-64/htslib-1.17-h6bc39ce_1.tar.bz2
      - conda: https://conda.anaconda.org/conda-forge/linux-64/icu-70.1-h27087fc_0.tar.bz2
      - conda: https://conda.anaconda.org/conda-forge/linux-64/jpeg-9e-h0b41bf4_3.conda
      - conda: https://conda.anaconda.org/conda-forge/linux-64/keyutils-1.6.3-hb9d3cd8_0.conda
      - conda: https://conda.anaconda.org/conda-forge/linux-64/krb5-1.20.1-hf9c8cef_0.conda
      - conda: https://conda.anaconda.org/conda-forge/linux-64/lcms2-2.15-hfd0df8a_0.conda
      - conda: https://conda.anaconda.org/conda-forge/linux-64/ld_impl_linux-64-2.45.1-bootstrap_ha15bf96_1.conda
      - conda: https://conda.anaconda.org/conda-forge/linux-64/lerc-4.0.0-h0aef613_1.conda
      - conda: https://conda.anaconda.org/conda-forge/linux-64/libblas-3.9.0-20_linux64_openblas.conda
      - conda: https://conda.anaconda.org/conda-forge/linux-64/libcblas-3.9.0-20_linux64_openblas.conda
      - conda: https://conda.anaconda.org/conda-forge/linux-64/libcurl-7.87.0-h6312ad2_0.conda
      - conda: https://conda.anaconda.org/conda-forge/linux-64/libdeflate-1.17-h0b41bf4_0.conda
      - conda: https://conda.anaconda.org/conda-forge/linux-64/libedit-3.1.20250104-pl5321h7949ede_0.conda
      - conda: https://conda.anaconda.org/conda-forge/linux-64/libev-4.33-hd590300_2.conda
      - conda: https://conda.anaconda.org/conda-forge/linux-64/libexpat-2.7.4-hecca717_0.conda
      - conda: https://conda.anaconda.org/conda-forge/linux-64/libffi-3.2.1-he1b5a44_1007.tar.bz2
      - conda: https://conda.anaconda.org/conda-forge/linux-64/libgcc-15.2.0-he0feb66_18.conda
      - conda: https://conda.anaconda.org/conda-forge/linux-64/libgcc-ng-15.2.0-h69a702a_18.conda
      - conda: https://conda.anaconda.org/conda-forge/linux-64/libgfortran-ng-7.5.0-h14aa051_20.tar.bz2
      - conda: https://conda.anaconda.org/conda-forge/linux-64/libgfortran4-7.5.0-h14aa051_20.tar.bz2
      - conda: https://conda.anaconda.org/conda-forge/linux-64/libgfortran5-15.2.0-h68bc16d_18.conda
      - conda: https://conda.anaconda.org/conda-forge/linux-64/libgomp-15.2.0-he0feb66_18.conda
      - conda: https://conda.anaconda.org/conda-forge/linux-64/liblapack-3.9.0-20_linux64_openblas.conda
      - conda: https://conda.anaconda.org/conda-forge/linux-64/libnghttp2-1.51.0-hdcd2b5c_0.conda
      - conda: https://conda.anaconda.org/conda-forge/linux-64/libopenblas-0.3.25-pthreads_h413a1c8_0.conda
      - conda: https://conda.anaconda.org/conda-forge/linux-64/libpng-1.6.43-h2797004_0.conda
      - conda: https://conda.anaconda.org/conda-forge/linux-64/libsqlite-3.46.0-hde9e2c9_0.conda
      - conda: https://conda.anaconda.org/conda-forge/linux-64/libssh2-1.10.0-haa6b8db_3.tar.bz2
      - conda: https://conda.anaconda.org/conda-forge/linux-64/libstdcxx-15.2.0-h934c35e_18.conda
      - conda: https://conda.anaconda.org/conda-forge/linux-64/libstdcxx-ng-15.2.0-hdf11a46_18.conda
      - conda: https://conda.anaconda.org/conda-forge/linux-64/libtiff-4.5.0-h6adf6a1_2.conda
      - conda: https://conda.anaconda.org/conda-forge/linux-64/libuuid-2.41.3-h5347b49_0.conda
      - conda: https://conda.anaconda.org/conda-forge/linux-64/libwebp-base-1.6.0-hd42ef1d_0.conda
      - conda: https://conda.anaconda.org/conda-forge/linux-64/libxcb-1.17.0-h8a09558_0.conda
      - conda: https://conda.anaconda.org/conda-forge/linux-64/libxcrypt-4.4.36-hd590300_1.conda
      - conda: https://conda.anaconda.org/conda-forge/linux-64/libzlib-1.2.13-h4ab18f5_6.conda
      - conda: https://conda.anaconda.org/conda-forge/linux-64/lzo-2.10-h280c20c_1002.conda
      - conda: https://conda.anaconda.org/conda-forge/linux-64/ncurses-6.5-h2d0b736_3.conda
      - conda: https://conda.anaconda.org/conda-forge/linux-64/nose-1.3.7-py27h8c360ce_1004.tar.bz2
      - conda: https://conda.anaconda.org/conda-forge/linux-64/numpy-1.16.5-py27h95a1406_0.tar.bz2
      - conda: https://conda.anaconda.org/conda-forge/linux-64/openjdk-11.0.1-h600c080_1018.tar.bz2
      - conda: https://conda.anaconda.org/conda-forge/linux-64/openssl-1.1.1w-hd590300_0.conda
      - conda: https://conda.anaconda.org/conda-forge/linux-64/pandas-0.24.2-py27hb3f55d8_0.tar.bz2
      - conda: https://conda.anaconda.org/conda-forge/linux-64/perl-5.32.1-7_hd590300_perl5.conda
      - conda: https://conda.anaconda.org/conda-forge/linux-64/pthread-stubs-0.4-hb9d3cd8_1002.conda
      - conda: https://conda.anaconda.org/bioconda/linux-64/pybedtools-0.8.2-py27h6a42192_1.tar.bz2
      - conda: https://conda.anaconda.org/bioconda/linux-64/pysam-0.20.0-py27h7835474_0.tar.bz2
      - conda: https://conda.anaconda.org/conda-forge/linux-64/python-2.7.15-h5a48372_1011_cpython.tar.bz2
      - conda: https://conda.anaconda.org/conda-forge/noarch/python-dateutil-2.8.1-py_0.tar.bz2
      - conda: https://conda.anaconda.org/conda-forge/linux-64/python-lzo-1.12-py27h42e1302_1001.tar.bz2
      - conda: https://conda.anaconda.org/conda-forge/linux-64/python_abi-2.7-1_cp27mu.tar.bz2
      - conda: https://conda.anaconda.org/conda-forge/noarch/pytz-2020.1-pyh9f0ad1d_0.tar.bz2
      - conda: https://conda.anaconda.org/conda-forge/linux-64/readline-8.3-h853b02a_0.conda
      - conda: https://conda.anaconda.org/bioconda/noarch/rtg-tools-3.13-hdfd78af_0.tar.bz2
      - conda: https://conda.anaconda.org/bioconda/linux-64/samtools-1.18-hd87286a_0.tar.bz2
      - conda: https://conda.anaconda.org/conda-forge/linux-64/scipy-1.2.1-py27h921218d_2.tar.bz2
      - conda: https://conda.anaconda.org/conda-forge/linux-64/setuptools-44.0.0-py27_0.tar.bz2
      - conda: https://conda.anaconda.org/conda-forge/noarch/six-1.16.0-pyh6c4a22f_0.tar.bz2
      - conda: https://conda.anaconda.org/conda-forge/linux-64/sqlite-3.46.0-h6d4b2fc_0.conda
      - conda: https://conda.anaconda.org/conda-forge/linux-64/tk-8.6.13-noxft_h4845f30_101.conda
      - conda: https://conda.anaconda.org/conda-forge/linux-64/xorg-libx11-1.8.13-he1eb515_0.conda
      - conda: https://conda.anaconda.org/conda-forge/linux-64/xorg-libxau-1.0.12-hb03c661_1.conda
      - conda: https://conda.anaconda.org/conda-forge/linux-64/xorg-libxdmcp-1.1.5-hb03c661_1.conda
      - conda: https://conda.anaconda.org/conda-forge/linux-64/xorg-libxext-1.3.7-hb03c661_0.conda
      - conda: https://conda.anaconda.org/conda-forge/linux-64/xorg-libxfixes-6.0.2-hb03c661_0.conda
      - conda: https://conda.anaconda.org/conda-forge/linux-64/xorg-libxi-1.8.2-hb9d3cd8_0.conda
      - conda: https://conda.anaconda.org/conda-forge/linux-64/xorg-libxrender-0.9.12-hb9d3cd8_0.conda
      - conda: https://conda.anaconda.org/conda-forge/linux-64/xorg-libxtst-1.2.5-hb9d3cd8_3.conda
      - conda: https://conda.anaconda.org/conda-forge/linux-64/xz-5.2.6-h166bdaf_0.tar.bz2
      - conda: https://conda.anaconda.org/conda-forge/linux-64/zlib-1.2.13-h4ab18f5_6.conda
      - conda: https://conda.anaconda.org/conda-forge/linux-64/zstd-1.5.6-ha6fb4c9_0.conda
packages:
- conda: https://conda.anaconda.org/conda-forge/linux-64/_openmp_mutex-4.5-20_gnu.conda
  build_number: 20
  sha256: 1dd3fffd892081df9726d7eb7e0dea6198962ba775bd88842135a4ddb4deb3c9
  md5: a9f577daf3de00bca7c3c76c0ecbd1de
  depends:
  - __glibc >=2.17,<3.0.a0
  - libgomp >=7.5.0
  constrains:
  - openmp_impl <0.0a0
  license: BSD-3-Clause
  license_family: BSD
  size: 28948
  timestamp: 1770939786096
- conda: https://conda.anaconda.org/conda-forge/linux-64/alsa-lib-1.1.5-h516909a_1002.tar.bz2
  sha256: 516017600d7124383a0390e30192fba51afdcdc2498d48043c04f657319397a0
  md5: 93fce6bb3ca6f75d05b6db7d8a38b0fb
  depends:
  - libgcc-ng >=7.3.0
  license: LGPL v2.1
  license_family: GPL
  size: 556836
  timestamp: 1578256305907
- conda: https://conda.anaconda.org/bioconda/linux-64/bcftools-1.17-h3cc50cf_1.tar.bz2
  sha256: 49857e869efc35019ad3de938e918ba6a5ad9f63cfbca4768026139929cc7d76
  md5: 19225b40cd28ffbeaa87494b70e80928
  depends:
  - gsl >=2.7,<2.8.0a0
  - htslib >=1.17,<1.24.0a0
  - libgcc-ng >=12
  - libzlib >=1.2.13,<1.3.0a0
  - perl
  - zlib
  license: GPL
  size: 944726
  timestamp: 1684143805968
- conda: https://conda.anaconda.org/bioconda/linux-64/bedtools-2.31.1-hf5e1c6e_2.tar.bz2
  sha256: bb257aa49d4039bd24363d0d5d2948bfb4ae6de2245fe706b1152bfc2229da3f
  md5: 55aacbd977c83d6d4849c91310ef48c5
  depends:
  - bzip2 >=1.0.8,<2.0a0
  - libgcc-ng >=12
  - libstdcxx-ng >=12
  - libzlib >=1.2.13,<2.0a0
  - xz >=5.2.6,<6.0a0
  license: MIT
  size: 1601046
  timestamp: 1720647529569
- conda: https://conda.anaconda.org/conda-forge/linux-64/boost-cpp-1.74.0-h75c5d50_8.tar.bz2
  sha256: 82d7d5c3042baae2cc7ee798612681f72ad348978d72ac17de9f3c41183f0a19
  md5: 9c5996e7741d205bc76a518173ff6b82
  depends:
  - bzip2 >=1.0.8,<2.0a0
  - icu >=70.1,<71.0a0
  - libgcc-ng >=10.3.0
  - libstdcxx-ng >=10.3.0
  - libzlib >=1.2.11,<2.0.0a0
  - xz >=5.2.5,<6.0.0a0
  - zstd >=1.5.2,<1.6.0a0
  constrains:
  - libboost <0
  license: BSL-1.0
  size: 16976988
  timestamp: 1648882543893
- conda: https://conda.anaconda.org/bioconda/linux-64/bx-python-0.8.9-py27h54ae540_2.tar.bz2
  sha256: 33f986f5f95e0b2efa77ba6dece18c96465d8cd4562439e3ca9445c73567afa6
  md5: 4769ec5c6b0a963b71497d3c0d4e5ce1
  depends:
  - libgcc-ng >=7.5.0
  - numpy
  - python >=2.7,<2.8.0a0
  - python-lzo
  - python_abi 2.7.* *_cp27mu
  - six >=1.13.0
  - zlib >=1.2.11,<1.3.0a0
  license: MIT
  license_family: MIT
  size: 1045701
  timestamp: 1598795589559
- conda: https://conda.anaconda.org/conda-forge/linux-64/bzip2-1.0.8-hda65f42_9.conda
  sha256: 0b75d45f0bba3e95dc693336fa51f40ea28c980131fec438afb7ce6118ed05f6
  md5: d2ffd7602c02f2b316fd921d39876885
  depends:
  - __glibc >=2.17,<3.0.a0
  - libgcc >=14
  license: bzip2-1.0.6
  license_family: BSD
  size: 260182
  timestamp: 1771350215188
- conda: https://conda.anaconda.org/conda-forge/linux-64/c-ares-1.34.6-hb03c661_0.conda
  sha256: cc9accf72fa028d31c2a038460787751127317dcfa991f8d1f1babf216bb454e
  md5: 920bb03579f15389b9e512095ad995b7
  depends:
  - __glibc >=2.17,<3.0.a0
  - libgcc >=14
  license: MIT
  license_family: MIT
  size: 207882
  timestamp: 1765214722852
- conda: https://conda.anaconda.org/conda-forge/noarch/ca-certificates-2026.2.25-hbd8a1cb_0.conda
  sha256: 67cc7101b36421c5913a1687ef1b99f85b5d6868da3abbf6ec1a4181e79782fc
  md5: 4492fd26db29495f0ba23f146cd5638d
  depends:
  - __unix
  license: ISC
  size: 147413
  timestamp: 1772006283803
- conda: https://conda.anaconda.org/conda-forge/linux-64/certifi-2019.11.28-py27h8c360ce_1.tar.bz2
  sha256: df6ab33f2d723b23de6cbb7571962f2fc6fee2d5ea24c1571ed771bc25832258
  md5: a345324a2547908c1f9ca4b65d93f5ba
  depends:
  - python >=2.7,<2.8.0a0
  - python_abi 2.7.* *_cp27mu
  license: ISC
  size: 152456
  timestamp: 1583921709918
- conda: https://conda.anaconda.org/conda-forge/linux-64/expat-2.7.4-hecca717_0.conda
  sha256: 0cc345e4dead417996ce9a1f088b28d858f03d113d43c1963d29194366dcce27
  md5: a0535741a4934b3e386051065c58761a
  depends:
  - __glibc >=2.17,<3.0.a0
  - libexpat 2.7.4 hecca717_0
  - libgcc >=14
  license: MIT
  license_family: MIT
  size: 145274
  timestamp: 1771259434699
- conda: https://conda.anaconda.org/conda-forge/noarch/font-ttf-dejavu-sans-mono-2.37-hab24e00_0.tar.bz2
  sha256: 58d7f40d2940dd0a8aa28651239adbf5613254df0f75789919c4e6762054403b
  md5: 0c96522c6bdaed4b1566d11387caaf45
  license: BSD-3-Clause
  license_family: BSD
  size: 397370
  timestamp: 1566932522327
- conda: https://conda.anaconda.org/conda-forge/linux-64/fontconfig-2.14.2-h14ed4e7_0.conda
  sha256: 155d534c9037347ea7439a2c6da7c24ffec8e5dd278889b4c57274a1d91e0a83
  md5: 0f69b688f52ff6da70bccb7ff7001d1d
  depends:
  - expat >=2.5.0,<3.0a0
  - freetype >=2.12.1,<3.0a0
  - libgcc-ng >=12
  - libuuid >=2.32.1,<3.0a0
  - libzlib >=1.2.13,<2.0.0a0
  license: MIT
  license_family: MIT
  size: 272010
  timestamp: 1674828850194
- conda: https://conda.anaconda.org/conda-forge/linux-64/freetype-2.12.1-h267a509_2.conda
  sha256: b2e3c449ec9d907dd4656cb0dc93e140f447175b125a3824b31368b06c666bb6
  md5: 9ae35c3d96db2c94ce0cef86efdfa2cb
  depends:
  - libgcc-ng >=12
  - libpng >=1.6.39,<1.7.0a0
  - libzlib >=1.2.13,<2.0.0a0
  license: GPL-2.0-only OR FTL
  size: 634972
  timestamp: 1694615932610
- conda: https://conda.anaconda.org/conda-forge/linux-64/giflib-5.2.2-hd590300_0.conda
  sha256: aac402a8298f0c0cc528664249170372ef6b37ac39fdc92b40601a6aed1e32ff
  md5: 3bf7b9fd5a7136126e0234db4b87c8b6
  depends:
  - libgcc-ng >=12
  license: MIT
  license_family: MIT
  size: 77248
  timestamp: 1712692454246
- conda: https://conda.anaconda.org/conda-forge/linux-64/gsl-2.7-he838d99_0.tar.bz2
  sha256: 132a918b676dd1f533d7c6f95e567abf7081a6ea3251c3280de35ef600e0da87
  md5: fec079ba39c9cca093bf4c00001825de
  depends:
  - libblas >=3.8.0,<4.0a0
  - libcblas >=3.8.0,<4.0a0
  - libgcc-ng >=9.3.0
  license: GPL-3.0-or-later
  license_family: GPL
  size: 3376423
  timestamp: 1626369596591
- conda: https://conda.anaconda.org/bioconda/linux-64/hap.py-0.3.15-py27hcb73b3d_0.tar.bz2
  sha256: de3c93f3f8d6fc7c1e1d443562b127630bb888451a6598680204cf1707ad4c1e
  md5: 26aae8f7db824629220c004d58fd54ad
  depends:
  - bcftools
  - boost-cpp >=1.74.0,<1.74.1.0a0
  - bx-python
  - htslib >=1.17,<1.24.0a0
  - libgcc-ng >=12
  - libstdcxx-ng >=12
  - nose
  - numpy
  - pandas
  - pybedtools
  - pysam >=0.20.0,<1.0a0
  - python >=2.7,<2.8.0a0
  - python_abi 2.7.* *_cp27mu
  - samtools
  - scipy
  license: BSD-2-Clause
  license_family: BSD
  size: 50130798
  timestamp: 1684846032956
- conda: https://conda.anaconda.org/bioconda/linux-64/htslib-1.17-h6bc39ce_1.tar.bz2
  sha256: 3236e98be603dabec298c15e493445e2b6e9059648e951b595f032e8cb994cb6
  md5: ba73207904543acbaa6983975cd11c7b
  depends:
  - bzip2 >=1.0.8,<2.0a0
  - libcurl >=7.87.0,<8.0a0
  - libdeflate >=1.13,<1.26.0a0
  - libgcc-ng >=12
  - libzlib >=1.2.13,<1.3.0a0
  - openssl >=1.1.1t,<1.1.2a
  - xz >=5.2.6,<5.3.0a0
  - zlib >=1.2.13,<1.3.0a0
  license: MIT
  size: 2472007
  timestamp: 1683813300103
- conda: https://conda.anaconda.org/conda-forge/linux-64/icu-70.1-h27087fc_0.tar.bz2
  sha256: 1d7950f3be4637ab915d886304e57731d39a41ab705ffc95c4681655c459374a
  md5: 87473a15119779e021c314249d4b4aed
  depends:
  - libgcc-ng >=10.3.0
  - libstdcxx-ng >=10.3.0
  license: MIT
  license_family: MIT
  size: 14191488
  timestamp: 1648050221778
- conda: https://conda.anaconda.org/conda-forge/linux-64/jpeg-9e-h0b41bf4_3.conda
  sha256: 8f73194d09c9ea4a7e2b3562766b8d72125cc147b62c7cf83393e3a3bbfd581b
  md5: c7a069243e1fbe9a556ed2ec030e6407
  depends:
  - libgcc-ng >=12
  constrains:
  - libjpeg-turbo <0.0.0a
  license: IJG
  size: 240359
  timestamp: 1676177310738
- conda: https://conda.anaconda.org/conda-forge/linux-64/keyutils-1.6.3-hb9d3cd8_0.conda
  sha256: 0960d06048a7185d3542d850986d807c6e37ca2e644342dd0c72feefcf26c2a4
  md5: b38117a3c920364aff79f870c984b4a3
  depends:
  - __glibc >=2.17,<3.0.a0
  - libgcc >=13
  license: LGPL-2.1-or-later
  size: 134088
  timestamp: 1754905959823
- conda: https://conda.anaconda.org/conda-forge/linux-64/krb5-1.20.1-hf9c8cef_0.conda
  sha256: 3274ef26e40df1c23bd34adc075e40cc6c335540688c36ac261d64561da56278
  md5: 5f7e9efd540d7ac4b485660231ba6150
  depends:
  - keyutils >=1.6.1,<2.0a0
  - libedit >=3.1.20191231,<3.2.0a0
  - libedit >=3.1.20191231,<4.0a0
  - libgcc-ng >=12
  - libstdcxx-ng >=12
  - openssl >=1.1.1s,<1.1.2a
  license: MIT
  license_family: MIT
  size: 1326164
  timestamp: 1671091702497
- conda: https://conda.anaconda.org/conda-forge/linux-64/lcms2-2.15-hfd0df8a_0.conda
  sha256: 443e926b585528112ec6aa4d85bf087722914ed8d85a2f75ae47c023c55c4238
  md5: aa8840cdf17ef0c6084d1e24abc7a28b
  depends:
  - jpeg >=9e,<10a
  - libgcc-ng >=12
  - libtiff >=4.5.0,<4.6.0a0
  license: MIT
  license_family: MIT
  size: 240794
  timestamp: 1678211140434
- conda: https://conda.anaconda.org/conda-forge/linux-64/ld_impl_linux-64-2.45.1-bootstrap_ha15bf96_1.conda
  sha256: 775b7c550d17e19349b81666c5faf1196ae0374f7e4d782ff4917a450b1888c7
  md5: 1ac7b5a830874fb2a580faa9bff8189f
  depends:
  - __glibc >=2.17,<3.0.a0
  constrains:
  - binutils_impl_linux-64 2.45.1
  license: GPL-3.0-only
  license_family: GPL
  size: 725846
  timestamp: 1770267125391
- conda: https://conda.anaconda.org/conda-forge/linux-64/lerc-4.0.0-h0aef613_1.conda
  sha256: 412381a43d5ff9bbed82cd52a0bbca5b90623f62e41007c9c42d3870c60945ff
  md5: 9344155d33912347b37f0ae6c410a835
  depends:
  - __glibc >=2.17,<3.0.a0
  - libgcc >=13
  - libstdcxx >=13
  license: Apache-2.0
  license_family: Apache
  size: 264243
  timestamp: 1745264221534
- conda: https://conda.anaconda.org/conda-forge/linux-64/libblas-3.9.0-20_linux64_openblas.conda
  build_number: 20
  sha256: 8a0ee1de693a9b3da4a11b95ec81b40dd434bd01fa1f5f38f8268cd2146bf8f0
  md5: 2b7bb4f7562c8cf334fc2e20c2d28abc
  depends:
  - libopenblas >=0.3.25,<0.3.26.0a0
  - libopenblas >=0.3.25,<1.0a0
  constrains:
  - liblapacke 3.9.0 20_linux64_openblas
  - libcblas 3.9.0 20_linux64_openblas
  - blas * openblas
  - liblapack 3.9.0 20_linux64_openblas
  - mkl <2025
  license: BSD-3-Clause
  license_family: BSD
  size: 14433
  timestamp: 1700568383457
- conda: https://conda.anaconda.org/conda-forge/linux-64/libcblas-3.9.0-20_linux64_openblas.conda
  build_number: 20
  sha256: 0e34fb0f82262f02fcb279ab4a1db8d50875dc98e3019452f8f387e6bf3c0247
  md5: 36d486d72ab64ffea932329a1d3729a3
  depends:
  - libblas 3.9.0 20_linux64_openblas
  constrains:
  - liblapacke 3.9.0 20_linux64_openblas
  - blas * openblas
  - liblapack 3.9.0 20_linux64_openblas
  - mkl <2025
  license: BSD-3-Clause
  license_family: BSD
  size: 14383
  timestamp: 1700568410580
- conda: https://conda.anaconda.org/conda-forge/linux-64/libcurl-7.87.0-h6312ad2_0.conda
  sha256: 4e95c12244a50c8f8e9173e0bd37d6067fd753437ab636afb44ce28382a325eb
  md5: ad07f06bd133e76e12165bc3ec2c8646
  depends:
  - krb5 >=1.20.1,<1.21.0a0
  - libgcc-ng >=12
  - libnghttp2 >=1.47.0,<2.0a0
  - libssh2 >=1.10.0,<2.0a0
  - libzlib >=1.2.13,<2.0.0a0
  - openssl >=1.1.1s,<1.1.2a
  license: curl
  license_family: MIT
  size: 347431
  timestamp: 1671621575854
- conda: https://conda.anaconda.org/conda-forge/linux-64/libdeflate-1.17-h0b41bf4_0.conda
  sha256: f9983a8ea03531f2c14bce76c870ca325c0fddf0c4e872bff1f78bc52624179c
  md5: 5cc781fd91968b11a8a7fdbee0982676
  depends:
  - libgcc-ng >=12
  license: MIT
  license_family: MIT
  size: 65017
  timestamp: 1673785897585
- conda: https://conda.anaconda.org/conda-forge/linux-64/libedit-3.1.20250104-pl5321h7949ede_0.conda
  sha256: d789471216e7aba3c184cd054ed61ce3f6dac6f87a50ec69291b9297f8c18724
  md5: c277e0a4d549b03ac1e9d6cbbe3d017b
  depends:
  - ncurses
  - __glibc >=2.17,<3.0.a0
  - libgcc >=13
  - ncurses >=6.5,<7.0a0
  license: BSD-2-Clause
  license_family: BSD
  size: 134676
  timestamp: 1738479519902
- conda: https://conda.anaconda.org/conda-forge/linux-64/libev-4.33-hd590300_2.conda
  sha256: 1cd6048169fa0395af74ed5d8f1716e22c19a81a8a36f934c110ca3ad4dd27b4
  md5: 172bf1cd1ff8629f2b1179945ed45055
  depends:
  - libgcc-ng >=12
  license: BSD-2-Clause
  license_family: BSD
  size: 112766
  timestamp: 1702146165126
- conda: https://conda.anaconda.org/conda-forge/linux-64/libexpat-2.7.4-hecca717_0.conda
  sha256: d78f1d3bea8c031d2f032b760f36676d87929b18146351c4464c66b0869df3f5
  md5: e7f7ce06ec24cfcfb9e36d28cf82ba57
  depends:
  - __glibc >=2.17,<3.0.a0
  - libgcc >=14
  constrains:
  - expat 2.7.4.*
  license: MIT
  license_family: MIT
  size: 76798
  timestamp: 1771259418166
- conda: https://conda.anaconda.org/conda-forge/linux-64/libffi-3.2.1-he1b5a44_1007.tar.bz2
  sha256: 992246df63724484e9ee8652ce3ca0237f707961beab8b813096bbc647cf84f4
  md5: 11389072d7d6036fd811c3d9460475cd
  depends:
  - libgcc-ng >=7.3.0
  - libstdcxx-ng >=7.3.0
  license: Custom
  size: 48003
  timestamp: 1584559351227
- conda: https://conda.anaconda.org/conda-forge/linux-64/libgcc-15.2.0-he0feb66_18.conda
  sha256: faf7d2017b4d718951e3a59d081eb09759152f93038479b768e3d612688f83f5
  md5: 0aa00f03f9e39fb9876085dee11a85d4
  depends:
  - __glibc >=2.17,<3.0.a0
  - _openmp_mutex >=4.5
  constrains:
  - libgcc-ng ==15.2.0=*_18
  - libgomp 15.2.0 he0feb66_18
  license: GPL-3.0-only WITH GCC-exception-3.1
  license_family: GPL
  size: 1041788
  timestamp: 1771378212382
- conda: https://conda.anaconda.org/conda-forge/linux-64/libgcc-ng-15.2.0-h69a702a_18.conda
  sha256: e318a711400f536c81123e753d4c797a821021fb38970cebfb3f454126016893
  md5: d5e96b1ed75ca01906b3d2469b4ce493
  depends:
  - libgcc 15.2.0 he0feb66_18
  license: GPL-3.0-only WITH GCC-exception-3.1
  license_family: GPL
  size: 27526
  timestamp: 1771378224552
- conda: https://conda.anaconda.org/conda-forge/linux-64/libgfortran-ng-7.5.0-h14aa051_20.tar.bz2
  sha256: 7347a7a57f992d3d4fdb1bf98582ec0963d45b16d9dfb3efe2045ff2cb157527
  md5: c3b2ad091c043c08689e64b10741484b
  depends:
  - libgfortran4 7.5.0.*
  license: GPL-3.0-only WITH GCC-exception-3.1
  license_family: GPL
  size: 23435
  timestamp: 1644093859248
- conda: https://conda.anaconda.org/conda-forge/linux-64/libgfortran4-7.5.0-h14aa051_20.tar.bz2
  sha256: a8f3ae8e6c9fbe52f7403bfb2e00bf0c5169ab0702a4a5f3ad88494867e03427
  md5: a072eab836c3a9578ce72b5640ce592d
  constrains:
  - libgfortran-ng 7.5.0 *_20
  license: GPL-3.0-only WITH GCC-exception-3.1
  license_family: GPL
  size: 1309697
  timestamp: 1644093800802
- conda: https://conda.anaconda.org/conda-forge/linux-64/libgfortran5-15.2.0-h68bc16d_18.conda
  sha256: 539b57cf50ec85509a94ba9949b7e30717839e4d694bc94f30d41c9d34de2d12
  md5: 646855f357199a12f02a87382d429b75
  depends:
  - __glibc >=2.17,<3.0.a0
  - libgcc >=15.2.0
  constrains:
  - libgfortran 15.2.0
  license: GPL-3.0-only WITH GCC-exception-3.1
  license_family: GPL
  size: 2482475
  timestamp: 1771378241063
- conda: https://conda.anaconda.org/conda-forge/linux-64/libgomp-15.2.0-he0feb66_18.conda
  sha256: 21337ab58e5e0649d869ab168d4e609b033509de22521de1bfed0c031bfc5110
  md5: 239c5e9546c38a1e884d69effcf4c882
  depends:
  - __glibc >=2.17,<3.0.a0
  license: GPL-3.0-only WITH GCC-exception-3.1
  license_family: GPL
  size: 603262
  timestamp: 1771378117851
- conda: https://conda.anaconda.org/conda-forge/linux-64/liblapack-3.9.0-20_linux64_openblas.conda
  build_number: 20
  sha256: ad7745b8d0f2ccb9c3ba7aaa7167d62fc9f02e45eb67172ae5f0dfb5a3b1a2cc
  md5: 6fabc51f5e647d09cc010c40061557e0
  depends:
  - libblas 3.9.0 20_linux64_openblas
  constrains:
  - liblapacke 3.9.0 20_linux64_openblas
  - libcblas 3.9.0 20_linux64_openblas
  - blas * openblas
  - mkl <2025
  license: BSD-3-Clause
  license_family: BSD
  size: 14350
  timestamp: 1700568424034
- conda: https://conda.anaconda.org/conda-forge/linux-64/libnghttp2-1.51.0-hdcd2b5c_0.conda
  sha256: 3f76e99eacfc4ce3deac3b78d5508449efb8b72dea3e31d9f2c6db7f5cf00e75
  md5: c42b460bae0365fb9777b1ff9d09a554
  depends:
  - c-ares >=1.18.1,<2.0a0
  - libev >=4.33,<4.34.0a0
  - libgcc-ng >=12
  - libstdcxx-ng >=12
  - libzlib >=1.2.13,<2.0.0a0
  - openssl >=1.1.1s,<1.1.2a
  license: MIT
  license_family: MIT
  size: 622739
  timestamp: 1672695694560
- conda: https://conda.anaconda.org/conda-forge/linux-64/libopenblas-0.3.25-pthreads_h413a1c8_0.conda
  sha256: 628564517895ee1b09cf72c817548bd80ef1acce6a8214a8520d9f7b44c4cfaf
  md5: d172b34a443b95f86089e8229ddc9a17
  depends:
  - libgcc-ng >=12
  - libgfortran-ng
  - libgfortran5 >=12.3.0
  constrains:
  - openblas >=0.3.25,<0.3.26.0a0
  license: BSD-3-Clause
  license_family: BSD
  size: 5545169
  timestamp: 1700536004164
- conda: https://conda.anaconda.org/conda-forge/linux-64/libpng-1.6.43-h2797004_0.conda
  sha256: 502f6ff148ac2777cc55ae4ade01a8fc3543b4ffab25c4e0eaa15f94e90dd997
  md5: 009981dd9cfcaa4dbfa25ffaed86bcae
  depends:
  - libgcc-ng >=12
  - libzlib >=1.2.13,<2.0.0a0
  license: zlib-acknowledgement
  size: 288221
  timestamp: 1708780443939
- conda: https://conda.anaconda.org/conda-forge/linux-64/libsqlite-3.46.0-hde9e2c9_0.conda
  sha256: daee3f68786231dad457d0dfde3f7f1f9a7f2018adabdbb864226775101341a8
  md5: 18aa975d2094c34aef978060ae7da7d8
  depends:
  - libgcc-ng >=12
  - libzlib >=1.2.13,<2.0a0
  license: Unlicense
  size: 865346
  timestamp: 1718050628718
- conda: https://conda.anaconda.org/conda-forge/linux-64/libssh2-1.10.0-haa6b8db_3.tar.bz2
  sha256: 3c2ed83502bedf4ec8c5b972accb6ff1b6c018f72fb711cdb65cb8540d5ab89e
  md5: 89acee135f0809a18a1f4537390aa2dd
  depends:
  - libgcc-ng >=12
  - libzlib >=1.2.12,<2.0.0a0
  - openssl >=1.1.1q,<1.1.2a
  license: BSD-3-Clause
  license_family: BSD
  size: 239461
  timestamp: 1660346486026
- conda: https://conda.anaconda.org/conda-forge/linux-64/libstdcxx-15.2.0-h934c35e_18.conda
  sha256: 78668020064fdaa27e9ab65cd2997e2c837b564ab26ce3bf0e58a2ce1a525c6e
  md5: 1b08cd684f34175e4514474793d44bcb
  depends:
  - __glibc >=2.17,<3.0.a0
  - libgcc 15.2.0 he0feb66_18
  constrains:
  - libstdcxx-ng ==15.2.0=*_18
  license: GPL-3.0-only WITH GCC-exception-3.1
  license_family: GPL
  size: 5852330
  timestamp: 1771378262446
- conda: https://conda.anaconda.org/conda-forge/linux-64/libstdcxx-ng-15.2.0-hdf11a46_18.conda
  sha256: 3c902ffd673cb3c6ddde624cdb80f870b6c835f8bf28384b0016e7d444dd0145
  md5: 6235adb93d064ecdf3d44faee6f468de
  depends:
  - libstdcxx 15.2.0 h934c35e_18
  license: GPL-3.0-only WITH GCC-exception-3.1
  license_family: GPL
  size: 27575
  timestamp: 1771378314494
- conda: https://conda.anaconda.org/conda-forge/linux-64/libtiff-4.5.0-h6adf6a1_2.conda
  sha256: e3e18d91fb282b61288d4fd2574dfa31f7ae90ef2737f96722fb6ad3257862ee
  md5: 2e648a34072eb39d7c4fc2a9981c5f0c
  depends:
  - jpeg >=9e,<10a
  - lerc >=4.0.0,<5.0a0
  - libdeflate >=1.17,<1.18.0a0
  - libgcc-ng >=12
  - libstdcxx-ng >=12
  - libwebp-base >=1.2.4,<2.0a0
  - libzlib >=1.2.13,<2.0.0a0
  - xz >=5.2.6,<6.0a0
  - zstd >=1.5.2,<1.6.0a0
  license: HPND
  size: 406655
  timestamp: 1673817946777
- conda: https://conda.anaconda.org/conda-forge/linux-64/libuuid-2.41.3-h5347b49_0.conda
  sha256: 1a7539cfa7df00714e8943e18de0b06cceef6778e420a5ee3a2a145773758aee
  md5: db409b7c1720428638e7c0d509d3e1b5
  depends:
  - __glibc >=2.17,<3.0.a0
  - libgcc >=14
  license: BSD-3-Clause
  license_family: BSD
  size: 40311
  timestamp: 1766271528534
- conda: https://conda.anaconda.org/conda-forge/linux-64/libwebp-base-1.6.0-hd42ef1d_0.conda
  sha256: 3aed21ab28eddffdaf7f804f49be7a7d701e8f0e46c856d801270b470820a37b
  md5: aea31d2e5b1091feca96fcfe945c3cf9
  depends:
  - __glibc >=2.17,<3.0.a0
  - libgcc >=14
  constrains:
  - libwebp 1.6.0
  license: BSD-3-Clause
  license_family: BSD
  size: 429011
  timestamp: 1752159441324
- conda: https://conda.anaconda.org/conda-forge/linux-64/libxcb-1.17.0-h8a09558_0.conda
  sha256: 666c0c431b23c6cec6e492840b176dde533d48b7e6fb8883f5071223433776aa
  md5: 92ed62436b625154323d40d5f2f11dd7
  depends:
  - __glibc >=2.17,<3.0.a0
  - libgcc >=13
  - pthread-stubs
  - xorg-libxau >=1.0.11,<2.0a0
  - xorg-libxdmcp
  license: MIT
  license_family: MIT
  size: 395888
  timestamp: 1727278577118
- conda: https://conda.anaconda.org/conda-forge/linux-64/libxcrypt-4.4.36-hd590300_1.conda
  sha256: 6ae68e0b86423ef188196fff6207ed0c8195dd84273cb5623b85aa08033a410c
  md5: 5aa797f8787fe7a17d1b0821485b5adc
  depends:
  - libgcc-ng >=12
  license: LGPL-2.1-or-later
  size: 100393
  timestamp: 1702724383534
- conda: https://conda.anaconda.org/conda-forge/linux-64/libzlib-1.2.13-h4ab18f5_6.conda
  sha256: 8ced4afed6322172182af503f21725d072a589a6eb918f8a58135c1e00d35980
  md5: 27329162c0dc732bcf67a4e0cd488125
  depends:
  - libgcc-ng >=12
  constrains:
  - zlib 1.2.13 *_6
  license: Zlib
  license_family: Other
  size: 61571
  timestamp: 1716874066944
- conda: https://conda.anaconda.org/conda-forge/linux-64/lzo-2.10-h280c20c_1002.conda
  sha256: 5c6bbeec116e29f08e3dad3d0524e9bc5527098e12fc432c0e5ca53ea16337d4
  md5: 45161d96307e3a447cc3eb5896cf6f8c
  depends:
  - libgcc >=14
  - __glibc >=2.17,<3.0.a0
  license: GPL-2.0-or-later
  license_family: GPL
  size: 191060
  timestamp: 1753889274283
- conda: https://conda.anaconda.org/conda-forge/linux-64/ncurses-6.5-h2d0b736_3.conda
  sha256: 3fde293232fa3fca98635e1167de6b7c7fda83caf24b9d6c91ec9eefb4f4d586
  md5: 47e340acb35de30501a76c7c799c41d7
  depends:
  - __glibc >=2.17,<3.0.a0
  - libgcc >=13
  license: X11 AND BSD-3-Clause
  size: 891641
  timestamp: 1738195959188
- conda: https://conda.anaconda.org/conda-forge/linux-64/nose-1.3.7-py27h8c360ce_1004.tar.bz2
  sha256: c5da939fefd73e324fdbf30faf4d24563f77cdf25635318cc98e12cc48649104
  md5: 9d7865ecd73c0884d810c7d4148410f7
  depends:
  - python >=2.7,<2.8.0a0
  - python_abi 2.7.* *_cp27mu
  - setuptools
  license: LGPL-2.1
  size: 220672
  timestamp: 1583972746878
- conda: https://conda.anaconda.org/conda-forge/linux-64/numpy-1.16.5-py27h95a1406_0.tar.bz2
  sha256: 99407b9b8d534b82f5227013c0f291974aa9bc6320edd352ed0e60e40b83148a
  md5: c0f6bb7c3bd322885bcc08a8741b209c
  depends:
  - libblas >=3.8.0,<4.0a0
  - libcblas >=3.8.0,<4.0a0
  - libgcc-ng >=7.3.0
  - liblapack >=3.8.0,<4.0.0a0
  - python >=2.7,<2.8.0a0
  constrains:
  - python_abi * *_cp27mu
  license: BSD 3-Clause
  size: 4463715
  timestamp: 1572795322876
- conda: https://conda.anaconda.org/conda-forge/linux-64/openjdk-11.0.1-h600c080_1018.tar.bz2
  sha256: d631b22d5b466cea0207cef3377e9a6694e7ccba95a8584f6e100a98c9c59492
  md5: af1752ee3a11faea60c846d246849a74
  depends:
  - alsa-lib >=1.1.5,<1.1.6.0a0
  - fontconfig >=2.13.1,<3.0a0
  - freetype >=2.9.1,<3.0a0
  - giflib >=5.2.1,<5.3.0a0
  - jpeg >=9c,<10a
  - lcms2 >=2.9,<3.0a0
  - libgcc-ng >=7.3.0
  - libpng >=1.6.37,<1.7.0a0
  - libstdcxx-ng >=7.3.0
  - xorg-libx11
  - xorg-libxext
  - xorg-libxi
  - xorg-libxrender
  - xorg-libxtst
  - zlib >=1.2.11,<1.3.0a0
  license: GPL-2.0
  license_family: GPL
  size: 180446788
  timestamp: 1578274767989
- conda: https://conda.anaconda.org/conda-forge/linux-64/openssl-1.1.1w-hd590300_0.conda
  sha256: 4fe19885c77f0758084feb54954bd1977dfeeab7134fba0a1d9c0cfff821d6bd
  md5: 301e70057a3bd399640bb16bbdf87995
  depends:
  - ca-certificates
  - libgcc-ng >=12
  license: OpenSSL
  license_family: Apache
  size: 1956010
  timestamp: 1694461292959
- conda: https://conda.anaconda.org/conda-forge/linux-64/pandas-0.24.2-py27hb3f55d8_0.tar.bz2
  sha256: 46fa71d50b2fa76c31b1cdf1add3058cd402212ba9fa9e08a0c48a7f6c7e4166
  md5: 95059d9a72cf322d248578533449d552
  depends:
  - libgcc-ng >=7.3.0
  - libstdcxx-ng >=7.3.0
  - numpy >=1.14.6,<2.0a0
  - python >=2.7,<2.8.0a0
  - python-dateutil >=2.5.*
  - pytz
  - setuptools <60.0.0
  constrains:
  - python_abi * *_cp27mu
  license: BSD 3-clause
  size: 11464376
  timestamp: 1558876699827
- conda: https://conda.anaconda.org/conda-forge/linux-64/perl-5.32.1-7_hd590300_perl5.conda
  build_number: 7
  sha256: 9ec32b6936b0e37bcb0ed34f22ec3116e75b3c0964f9f50ecea5f58734ed6ce9
  md5: f2cfec9406850991f4e3d960cc9e3321
  depends:
  - libgcc-ng >=12
  - libxcrypt >=4.4.36
  license: GPL-1.0-or-later OR Artistic-1.0-Perl
  size: 13344463
  timestamp: 1703310653947
- conda: https://conda.anaconda.org/conda-forge/linux-64/pthread-stubs-0.4-hb9d3cd8_1002.conda
  sha256: 9c88f8c64590e9567c6c80823f0328e58d3b1efb0e1c539c0315ceca764e0973
  md5: b3c17d95b5a10c6e64a21fa17573e70e
  depends:
  - __glibc >=2.17,<3.0.a0
  - libgcc >=13
  license: MIT
  license_family: MIT
  size: 8252
  timestamp: 1726802366959
- conda: https://conda.anaconda.org/bioconda/linux-64/pybedtools-0.8.2-py27h6a42192_1.tar.bz2
  sha256: 7f8909761785ab9615822881036d5fe82946315a12571ab4ac0837df9287a640
  md5: a9f0f778c48912bc43bdd69baaf3d130
  depends:
  - bedtools
  - libgcc-ng >=9.3.0
  - libstdcxx-ng >=9.3.0
  - pandas
  - pysam >=0.16
  - python >=2.7,<2.8.0a0
  - python_abi 2.7.* *_cp27mu
  - six
  - zlib >=1.2.11,<1.3.0a0
  license: MIT
  size: 12683439
  timestamp: 1616930124497
- conda: https://conda.anaconda.org/bioconda/linux-64/pysam-0.20.0-py27h7835474_0.tar.bz2
  sha256: 18a36467d338491f484d617ce0be625c6a838af920fc76530dffb2c62e42cdec
  md5: df6cd4d3635ff2a14a796c99d74fccdb
  depends:
  - bzip2 >=1.0.8,<2.0a0
  - libcurl >=7.86.0,<8.0a0
  - libdeflate >=1.13,<1.26.0a0
  - libgcc-ng >=12
  - libzlib >=1.2.13,<1.3.0a0
  - openssl >=1.1.1s,<1.1.2a
  - python >=2.7,<2.8.0a0
  - python_abi 2.7.* *_cp27mu
  - xz >=5.2.6,<5.3.0a0
  - zlib >=1.2.13,<1.3.0a0
  license: MIT
  size: 3175627
  timestamp: 1670014063303
- conda: https://conda.anaconda.org/conda-forge/linux-64/python-2.7.15-h5a48372_1011_cpython.tar.bz2
  build_number: 1011
  sha256: 1aab076b979046983a74d10b890dc4534eaedcc08a6e2f4e7fb16cc4a05e02e0
  md5: d1824ac0987155f58a03b7ffda01db38
  depends:
  - ld_impl_linux-64
  - libffi >=3.2.1,<3.3.0a0
  - libgcc-ng >=7.3.0
  - libstdcxx-ng >=7.3.0
  - openssl >=1.1.1a,<1.1.2a
  - readline >=8.0,<9.0a0
  - sqlite >=3.30.1,<4.0a0
  - tk >=8.6.10,<8.7.0a0
  - zlib >=1.2.11,<1.3.0a0
  constrains:
  - python_abi 2.7.* *_cp27mu
  - python_abi * *_cp27mu
  license: PSF
  size: 12786925
  timestamp: 1583420245648
- conda: https://conda.anaconda.org/conda-forge/noarch/python-dateutil-2.8.1-py_0.tar.bz2
  sha256: 5bf47c858f799d475299f0926fd665b0f07c6ace873b866707856418f69d5c71
  md5: 0d0150ed9c2d25817f5324108d3f7571
  depends:
  - python
  - six
  license: BSD 3 Clause
  size: 224841
  timestamp: 1572790276913
- conda: https://conda.anaconda.org/conda-forge/linux-64/python-lzo-1.12-py27h42e1302_1001.tar.bz2
  sha256: 292e9b5cd9fb05e9bccd2c4ae58c3835c680774912626c992a89a3d2e4f597a4
  md5: 964b021fbd9bf06f209e41ba9e026bed
  depends:
  - libgcc-ng >=7.3.0
  - lzo >=2.10,<3.0a0
  - python >=2.7,<2.8.0a0
  - python_abi 2.7.* *_cp27mu
  license: GPL-2.0
  size: 18837
  timestamp: 1584601156108
- conda: https://conda.anaconda.org/conda-forge/linux-64/python_abi-2.7-1_cp27mu.tar.bz2
  build_number: 1
  sha256: c42da0c09f4afe9f781e68b3af499a52a71d0f1c7dabb79d461d8c01564f77d3
  md5: 02d6ad6bce3a798e6ee85494cd9b3d8d
  depends:
  - python 2.7.*
  constrains:
  - pypy <0a0
  - python_abi * *_cp27mu
  license: BSD-3-Clause
  license_family: BSD
  size: 3779
  timestamp: 1583344653600
- conda: https://conda.anaconda.org/conda-forge/noarch/pytz-2020.1-pyh9f0ad1d_0.tar.bz2
  sha256: d369866db4e166aea13971f67d5035f2a33a3be94d2e3be4fb7eaaf6054900d2
  md5: e52abc1f0fd70e05001c1ceb2696f625
  depends:
  - python
  license: MIT
  license_family: MIT
  size: 232034
  timestamp: 1588067104320
- conda: https://conda.anaconda.org/conda-forge/linux-64/readline-8.3-h853b02a_0.conda
  sha256: 12ffde5a6f958e285aa22c191ca01bbd3d6e710aa852e00618fa6ddc59149002
  md5: d7d95fc8287ea7bf33e0e7116d2b95ec
  depends:
  - __glibc >=2.17,<3.0.a0
  - libgcc >=14
  - ncurses >=6.5,<7.0a0
  license: GPL-3.0-only
  license_family: GPL
  size: 345073
  timestamp: 1765813471974
- conda: https://conda.anaconda.org/bioconda/noarch/rtg-tools-3.13-hdfd78af_0.tar.bz2
  sha256: 3af3c5796843e431e0c647c9c3dbb8cd9c9c14b61adfdfafd2bc09796f22303d
  md5: b54ccfd49e7d565c72e0b627690aa671
  depends:
  - font-ttf-dejavu-sans-mono
  - fontconfig
  - openjdk
  - zlib
  license: BSD-2-Clause
  license_family: BSD
  size: 7719403
  timestamp: 1748479919787
- conda: https://conda.anaconda.org/bioconda/linux-64/samtools-1.18-hd87286a_0.tar.bz2
  sha256: f778b396ab2fc7160ab84b4d2fbcfbe89731a15c2b3a78ccb8ccfe8a02d87c08
  md5: 6b84bda89df8621b103acda1088a2d75
  depends:
  - htslib >=1.17,<1.24.0a0
  - libgcc-ng >=12
  - libzlib >=1.2.13,<1.3.0a0
  - ncurses >=6.4,<7.0a0
  - zlib
  license: MIT
  size: 466246
  timestamp: 1695770706284
- conda: https://conda.anaconda.org/conda-forge/linux-64/scipy-1.2.1-py27h921218d_2.tar.bz2
  sha256: 3345290607d884c242340480ef622338a466199073eeb6d4b46e36c8a2e95ce5
  md5: 86dfec20837a8d0e9f05e79d1fb9e615
  depends:
  - libblas >=3.8.0,<4.0a0
  - libcblas >=3.8.0,<4.0a0
  - libgcc-ng >=7.3.0
  - libgfortran-ng >=7,<8.0a0
  - liblapack >=3.8.0,<4.0.0a0
  - libstdcxx-ng >=7.3.0
  - numpy >=1.14.6,<2.0a0
  - python >=2.7,<2.8.0a0
  constrains:
  - python_abi * *_cp27mu
  - libopenblas <0.3.26
  license: BSD-3-Clause
  license_family: BSD
  size: 19304078
  timestamp: 1564340396120
- conda: https://conda.anaconda.org/conda-forge/linux-64/setuptools-44.0.0-py27_0.tar.bz2
  sha256: 3383e099e1266bc539c89b5ba07c0bef838d5e9d7c29f8b82dd39aaa556a9b49
  md5: a1dcb0ca393c777d0611faf5b86602be
  depends:
  - certifi >=2016.9.26
  - python >=2.7,<2.8.0a0
  constrains:
  - python_abi * *_cp27mu
  license: MIT
  license_family: MIT
  size: 678847
  timestamp: 1577961149638
- conda: https://conda.anaconda.org/conda-forge/noarch/six-1.16.0-pyh6c4a22f_0.tar.bz2
  sha256: a85c38227b446f42c5b90d9b642f2c0567880c15d72492d8da074a59c8f91dd6
  md5: e5f25f8dbc060e9a8d912e432202afc2
  depends:
  - python
  license: MIT
  license_family: MIT
  size: 14259
  timestamp: 1620240338595
- conda: https://conda.anaconda.org/conda-forge/linux-64/sqlite-3.46.0-h6d4b2fc_0.conda
  sha256: e849d576e52bf3e6fc5786f89b7d76978f2e2438587826c95570324cb572e52b
  md5: 77ea8dff5cf8550cc8f5629a6af56323
  depends:
  - libgcc-ng >=12
  - libsqlite 3.46.0 hde9e2c9_0
  - libzlib >=1.2.13,<2.0a0
  - ncurses >=6.5,<7.0a0
  - readline >=8.2,<9.0a0
  license: Unlicense
  size: 860352
  timestamp: 1718050658212
- conda: https://conda.anaconda.org/conda-forge/linux-64/tk-8.6.13-noxft_h4845f30_101.conda
  sha256: e0569c9caa68bf476bead1bed3d79650bb080b532c64a4af7d8ca286c08dea4e
  md5: d453b98d9c83e71da0741bb0ff4d76bc
  depends:
  - libgcc-ng >=12
  - libzlib >=1.2.13,<2.0.0a0
  license: TCL
  license_family: BSD
  size: 3318875
  timestamp: 1699202167581
- conda: https://conda.anaconda.org/conda-forge/linux-64/xorg-libx11-1.8.13-he1eb515_0.conda
  sha256: 516d4060139dbb4de49a4dcdc6317a9353fb39ebd47789c14e6fe52de0deee42
  md5: 861fb6ccbc677bb9a9fb2468430b9c6a
  depends:
  - __glibc >=2.17,<3.0.a0
  - libgcc >=14
  - libxcb >=1.17.0,<2.0a0
  license: MIT
  license_family: MIT
  size: 839652
  timestamp: 1770819209719
- conda: https://conda.anaconda.org/conda-forge/linux-64/xorg-libxau-1.0.12-hb03c661_1.conda
  sha256: 6bc6ab7a90a5d8ac94c7e300cc10beb0500eeba4b99822768ca2f2ef356f731b
  md5: b2895afaf55bf96a8c8282a2e47a5de0
  depends:
  - __glibc >=2.17,<3.0.a0
  - libgcc >=14
  license: MIT
  license_family: MIT
  size: 15321
  timestamp: 1762976464266
- conda: https://conda.anaconda.org/conda-forge/linux-64/xorg-libxdmcp-1.1.5-hb03c661_1.conda
  sha256: 25d255fb2eef929d21ff660a0c687d38a6d2ccfbcbf0cc6aa738b12af6e9d142
  md5: 1dafce8548e38671bea82e3f5c6ce22f
  depends:
  - __glibc >=2.17,<3.0.a0
  - libgcc >=14
  license: MIT
  license_family: MIT
  size: 20591
  timestamp: 1762976546182
- conda: https://conda.anaconda.org/conda-forge/linux-64/xorg-libxext-1.3.7-hb03c661_0.conda
  sha256: 79c60fc6acfd3d713d6340d3b4e296836a0f8c51602327b32794625826bd052f
  md5: 34e54f03dfea3e7a2dcf1453a85f1085
  depends:
  - __glibc >=2.17,<3.0.a0
  - libgcc >=14
  - xorg-libx11 >=1.8.12,<2.0a0
  license: MIT
  license_family: MIT
  size: 50326
  timestamp: 1769445253162
- conda: https://conda.anaconda.org/conda-forge/linux-64/xorg-libxfixes-6.0.2-hb03c661_0.conda
  sha256: 83c4c99d60b8784a611351220452a0a85b080668188dce5dfa394b723d7b64f4
  md5: ba231da7fccf9ea1e768caf5c7099b84
  depends:
  - __glibc >=2.17,<3.0.a0
  - libgcc >=14
  - xorg-libx11 >=1.8.12,<2.0a0
  license: MIT
  license_family: MIT
  size: 20071
  timestamp: 1759282564045
- conda: https://conda.anaconda.org/conda-forge/linux-64/xorg-libxi-1.8.2-hb9d3cd8_0.conda
  sha256: 1a724b47d98d7880f26da40e45f01728e7638e6ec69f35a3e11f92acd05f9e7a
  md5: 17dcc85db3c7886650b8908b183d6876
  depends:
  - __glibc >=2.17,<3.0.a0
  - libgcc >=13
  - xorg-libx11 >=1.8.10,<2.0a0
  - xorg-libxext >=1.3.6,<2.0a0
  - xorg-libxfixes >=6.0.1,<7.0a0
  license: MIT
  license_family: MIT
  size: 47179
  timestamp: 1727799254088
- conda: https://conda.anaconda.org/conda-forge/linux-64/xorg-libxrender-0.9.12-hb9d3cd8_0.conda
  sha256: 044c7b3153c224c6cedd4484dd91b389d2d7fd9c776ad0f4a34f099b3389f4a1
  md5: 96d57aba173e878a2089d5638016dc5e
  depends:
  - __glibc >=2.17,<3.0.a0
  - libgcc >=13
  - xorg-libx11 >=1.8.10,<2.0a0
  license: MIT
  license_family: MIT
  size: 33005
  timestamp: 1734229037766
- conda: https://conda.anaconda.org/conda-forge/linux-64/xorg-libxtst-1.2.5-hb9d3cd8_3.conda
  sha256: 752fdaac5d58ed863bbf685bb6f98092fe1a488ea8ebb7ed7b606ccfce08637a
  md5: 7bbe9a0cc0df0ac5f5a8ad6d6a11af2f
  depends:
  - __glibc >=2.17,<3.0.a0
  - libgcc >=13
  - xorg-libx11 >=1.8.10,<2.0a0
  - xorg-libxext >=1.3.6,<2.0a0
  - xorg-libxi >=1.7.10,<2.0a0
  license: MIT
  license_family: MIT
  size: 32808
  timestamp: 1727964811275
- conda: https://conda.anaconda.org/conda-forge/linux-64/xz-5.2.6-h166bdaf_0.tar.bz2
  sha256: 03a6d28ded42af8a347345f82f3eebdd6807a08526d47899a42d62d319609162
  md5: 2161070d867d1b1204ea749c8eec4ef0
  depends:
  - libgcc-ng >=12
  license: LGPL-2.1 and GPL-2.0
  size: 418368
  timestamp: 1660346797927
- conda: https://conda.anaconda.org/conda-forge/linux-64/zlib-1.2.13-h4ab18f5_6.conda
  sha256: 534824ea44939f3e59ca8ebb95e3ece6f50f9d2a0e69999fbc692311252ed6ac
  md5: 559d338a4234c2ad6e676f460a093e67
  depends:
  - libgcc-ng >=12
  - libzlib 1.2.13 h4ab18f5_6
  license: Zlib
  license_family: Other
  size: 92883
  timestamp: 1716874088980
- conda: https://conda.anaconda.org/conda-forge/linux-64/zstd-1.5.6-ha6fb4c9_0.conda
  sha256: c558b9cc01d9c1444031bd1ce4b9cff86f9085765f17627a6cd85fc623c8a02b
  md5: 4d056880988120e29d75bfff282e0f45
  depends:
  - libgcc-ng >=12
  - libstdcxx-ng >=12
  - libzlib >=1.2.13,<2.0.0a0
  license: BSD-3-Clause
  license_family: BSD
  size: 554846
  timestamp: 1714722996770
